
Microsoft Visual Studio Solution File, Format Version 12.00
Project("{FAE04EC0-301F-11D3-BF4B-00C04F79EFBC}") = "OcrSample", "OcrSample\OcrSample.csproj", "{F7949067-B909-4B7E-A3F0-992C0ECF1C63}"
EndProject
Project("{FAE04EC0-301F-11D3-BF4B-00C04F79EFBC}") = "OcrSample2", "OcrSample2\OcrSample2.csproj", "{3F68CBB9-F39F-4DD7-94B9-55A5FCCB7223}"
EndProject
Project("{FAE04EC0-301F-11D3-BF4B-00C04F79EFBC}") = "ReceiptDemo", "ReceiptDemo\ReceiptDemo.csproj", "{7A4FEAFA-B7DE-45CE-AB74-FA034D000928}"
EndProject
Global
	GlobalSection(SolutionConfigurationPlatforms) = preSolution
		Debug|Any CPU = Debug|Any CPU
		Release|Any CPU = Release|Any CPU
	EndGlobalSection
	GlobalSection(ProjectConfigurationPlatforms) = postSolution
		{F7949067-B909-4B7E-A3F0-992C0ECF1C63}.Debug|Any CPU.ActiveCfg = Debug|Any CPU
		{F7949067-B909-4B7E-A3F0-992C0ECF1C63}.Debug|Any CPU.Build.0 = Debug|Any CPU
		{F7949067-B909-4B7E-A3F0-992C0ECF1C63}.Release|Any CPU.ActiveCfg = Release|Any CPU
		{F7949067-B909-4B7E-A3F0-992C0ECF1C63}.Release|Any CPU.Build.0 = Release|Any CPU
		{3F68CBB9-F39F-4DD7-94B9-55A5FCCB7223}.Debug|Any CPU.ActiveCfg = Debug|Any CPU
		{3F68CBB9-F39F-4DD7-94B9-55A5FCCB7223}.Debug|Any CPU.Build.0 = Debug|Any CPU
		{3F68CBB9-F39F-4DD7-94B9-55A5FCCB7223}.Release|Any CPU.ActiveCfg = Release|Any CPU
		{3F68CBB9-F39F-4DD7-94B9-55A5FCCB7223}.Release|Any CPU.Build.0 = Release|Any CPU
		{7A4FEAFA-B7DE-45CE-AB74-FA034D000928}.Debug|Any CPU.ActiveCfg = Debug|Any CPU
		{7A4FEAFA-B7DE-45CE-AB74-FA034D000928}.Debug|Any CPU.Build.0 = Debug|Any CPU
		{7A4FEAFA-B7DE-45CE-AB74-FA034D000928}.Release|Any CPU.ActiveCfg = Release|Any CPU
		{7A4FEAFA-B7DE-45CE-AB74-FA034D000928}.Release|Any CPU.Build.0 = Release|Any CPU
	EndGlobalSection
EndGlobal
